
Microsoft Visual Studio Solution File, Format Version 12.00
# Visual Studio Version 16
VisualStudioVersion = 16.0.31624.102
MinimumVisualStudioVersion = 10.0.40219.1
Project("{FAE04EC0-301F-11D3-BF4B-00C04F79EFBC}") = "WeatherApp-OpenApiToDoc", "WeatherApp-OpenApiToDoc.csproj", "{1E672523-046F-4B6B-B9FC-84C5F5DB5B6C}"
EndProject
Global
	GlobalSection(SolutionConfigurationPlatforms) = preSolution
		Debug|Any CPU = Debug|Any CPU
		Release|Any CPU = Release|Any CPU
	EndGlobalSection
	GlobalSection(ProjectConfigurationPlatforms) = postSolution
		{1E672523-046F-4B6B-B9FC-84C5F5DB5B6C}.Debug|Any CPU.ActiveCfg = Debug|Any CPU
		{1E672523-046F-4B6B-B9FC-84C5F5DB5B6C}.Debug|Any CPU.Build.0 = Debug|Any CPU
		{1E672523-046F-4B6B-B9FC-84C5F5DB5B6C}.Release|Any CPU.ActiveCfg = Release|Any CPU
		{1E672523-046F-4B6B-B9FC-84C5F5DB5B6C}.Release|Any CPU.Build.0 = Release|Any CPU
	EndGlobalSection
	GlobalSection(SolutionProperties) = preSolution
		HideSolutionNode = FALSE
	EndGlobalSection
	GlobalSection(ExtensibilityGlobals) = postSolution
		SolutionGuid = {DDE257C4-2493-421B-8B31-D64EEFCA5BDD}
	EndGlobalSection
EndGlobal
